
Microsoft Visual Studio Solution File, Format Version 12.00
Project("{FAE04EC0-301F-11D3-BF4B-00C04F79EFBC}") = "API", "API\API.csproj", "{6E6AE4FF-4183-4E02-B6FB-432675074D0F}"
EndProject
Project("{FAE04EC0-301F-11D3-BF4B-00C04F79EFBC}") = "Gateway", "Gateway\Gateway.csproj", "{BDBEC8F7-2B8B-4325-BE5A-68124756AB9C}"
EndProject
Project("{FAE04EC0-301F-11D3-BF4B-00C04F79EFBC}") = "AnotherAPI", "AnotherAPI\AnotherAPI.csproj", "{C0EA8CE2-B14C-4A18-B1FA-0C731D46CADA}"
EndProject
Project("{2150E333-8FDC-42A3-9474-1A3956D46DE8}") = "Docker", "Docker", "{2EE18093-303C-4C5F-B06B-9099D2DF39B3}"
	ProjectSection(SolutionItems) = preProject
		Docker\.env = Docker\.env
		Docker\docker-compose.yml = Docker\docker-compose.yml
	EndProjectSection
EndProject
Global
	GlobalSection(SolutionConfigurationPlatforms) = preSolution
		Debug|Any CPU = Debug|Any CPU
		Release|Any CPU = Release|Any CPU
	EndGlobalSection
	GlobalSection(ProjectConfigurationPlatforms) = postSolution
		{6E6AE4FF-4183-4E02-B6FB-432675074D0F}.Debug|Any CPU.ActiveCfg = Debug|Any CPU
		{6E6AE4FF-4183-4E02-B6FB-432675074D0F}.Debug|Any CPU.Build.0 = Debug|Any CPU
		{6E6AE4FF-4183-4E02-B6FB-432675074D0F}.Release|Any CPU.ActiveCfg = Release|Any CPU
		{6E6AE4FF-4183-4E02-B6FB-432675074D0F}.Release|Any CPU.Build.0 = Release|Any CPU
		{BDBEC8F7-2B8B-4325-BE5A-68124756AB9C}.Debug|Any CPU.ActiveCfg = Debug|Any CPU
		{BDBEC8F7-2B8B-4325-BE5A-68124756AB9C}.Debug|Any CPU.Build.0 = Debug|Any CPU
		{BDBEC8F7-2B8B-4325-BE5A-68124756AB9C}.Release|Any CPU.ActiveCfg = Release|Any CPU
		{BDBEC8F7-2B8B-4325-BE5A-68124756AB9C}.Release|Any CPU.Build.0 = Release|Any CPU
		{C0EA8CE2-B14C-4A18-B1FA-0C731D46CADA}.Debug|Any CPU.ActiveCfg = Debug|Any CPU
		{C0EA8CE2-B14C-4A18-B1FA-0C731D46CADA}.Debug|Any CPU.Build.0 = Debug|Any CPU
		{C0EA8CE2-B14C-4A18-B1FA-0C731D46CADA}.Release|Any CPU.ActiveCfg = Release|Any CPU
		{C0EA8CE2-B14C-4A18-B1FA-0C731D46CADA}.Release|Any CPU.Build.0 = Release|Any CPU
	EndGlobalSection
EndGlobal
